
Microsoft Visual Studio Solution File, Format Version 12.00
# Visual Studio Version 17
VisualStudioVersion = 17.3.32819.101
MinimumVisualStudioVersion = 10.0.40219.1
Project("{FAE04EC0-301F-11D3-BF4B-00C04F79EFBC}") = "task3", "task3.csproj", "{971B347A-7A9C-4C4B-AE8B-06971BB4F982}"
EndProject
Global
	GlobalSection(SolutionConfigurationPlatforms) = preSolution
		Debug|Any CPU = Debug|Any CPU
		Release|Any CPU = Release|Any CPU
	EndGlobalSection
	GlobalSection(ProjectConfigurationPlatforms) = postSolution
		{971B347A-7A9C-4C4B-AE8B-06971BB4F982}.Debug|Any CPU.ActiveCfg = Debug|Any CPU
		{971B347A-7A9C-4C4B-AE8B-06971BB4F982}.Debug|Any CPU.Build.0 = Debug|Any CPU
		{971B347A-7A9C-4C4B-AE8B-06971BB4F982}.Release|Any CPU.ActiveCfg = Release|Any CPU
		{971B347A-7A9C-4C4B-AE8B-06971BB4F982}.Release|Any CPU.Build.0 = Release|Any CPU
	EndGlobalSection
	GlobalSection(SolutionProperties) = preSolution
		HideSolutionNode = FALSE
	EndGlobalSection
	GlobalSection(ExtensibilityGlobals) = postSolution
		SolutionGuid = {5C02D0DC-7EF6-40BA-AA5F-81262C06A105}
	EndGlobalSection
EndGlobal
