
Microsoft Visual Studio Solution File, Format Version 12.00
# Visual Studio Version 17
VisualStudioVersion = 17.3.32819.101
MinimumVisualStudioVersion = 10.0.40219.1
Project("{FAE04EC0-301F-11D3-BF4B-00C04F79EFBC}") = "task1", "task1.csproj", "{7183AB67-84C6-4C99-9238-98FEC95515EA}"
EndProject
Global
	GlobalSection(SolutionConfigurationPlatforms) = preSolution
		Debug|Any CPU = Debug|Any CPU
		Release|Any CPU = Release|Any CPU
	EndGlobalSection
	GlobalSection(ProjectConfigurationPlatforms) = postSolution
		{7183AB67-84C6-4C99-9238-98FEC95515EA}.Debug|Any CPU.ActiveCfg = Debug|Any CPU
		{7183AB67-84C6-4C99-9238-98FEC95515EA}.Debug|Any CPU.Build.0 = Debug|Any CPU
		{7183AB67-84C6-4C99-9238-98FEC95515EA}.Release|Any CPU.ActiveCfg = Release|Any CPU
		{7183AB67-84C6-4C99-9238-98FEC95515EA}.Release|Any CPU.Build.0 = Release|Any CPU
	EndGlobalSection
	GlobalSection(SolutionProperties) = preSolution
		HideSolutionNode = FALSE
	EndGlobalSection
	GlobalSection(ExtensibilityGlobals) = postSolution
		SolutionGuid = {D874F9D4-2612-4479-8817-167235E590CF}
	EndGlobalSection
EndGlobal
