
Microsoft Visual Studio Solution File, Format Version 12.00
# Visual Studio Version 17
VisualStudioVersion = 17.3.32819.101
MinimumVisualStudioVersion = 10.0.40219.1
Project("{FAE04EC0-301F-11D3-BF4B-00C04F79EFBC}") = "task1", "task1.csproj", "{B767A420-EDA5-4732-BE40-BE38E675C212}"
EndProject
Global
	GlobalSection(SolutionConfigurationPlatforms) = preSolution
		Debug|Any CPU = Debug|Any CPU
		Release|Any CPU = Release|Any CPU
	EndGlobalSection
	GlobalSection(ProjectConfigurationPlatforms) = postSolution
		{B767A420-EDA5-4732-BE40-BE38E675C212}.Debug|Any CPU.ActiveCfg = Debug|Any CPU
		{B767A420-EDA5-4732-BE40-BE38E675C212}.Debug|Any CPU.Build.0 = Debug|Any CPU
		{B767A420-EDA5-4732-BE40-BE38E675C212}.Release|Any CPU.ActiveCfg = Release|Any CPU
		{B767A420-EDA5-4732-BE40-BE38E675C212}.Release|Any CPU.Build.0 = Release|Any CPU
	EndGlobalSection
	GlobalSection(SolutionProperties) = preSolution
		HideSolutionNode = FALSE
	EndGlobalSection
	GlobalSection(ExtensibilityGlobals) = postSolution
		SolutionGuid = {97B758BC-9270-4826-9A4F-EF30486B3C65}
	EndGlobalSection
EndGlobal
