
Microsoft Visual Studio Solution File, Format Version 12.00
# Visual Studio Version 17
VisualStudioVersion = 17.3.32819.101
MinimumVisualStudioVersion = 10.0.40219.1
Project("{FAE04EC0-301F-11D3-BF4B-00C04F79EFBC}") = "task1", "task1.csproj", "{8DAD4EF0-E9DA-4ED5-A80F-C5CD722182D2}"
EndProject
Global
	GlobalSection(SolutionConfigurationPlatforms) = preSolution
		Debug|Any CPU = Debug|Any CPU
		Release|Any CPU = Release|Any CPU
	EndGlobalSection
	GlobalSection(ProjectConfigurationPlatforms) = postSolution
		{8DAD4EF0-E9DA-4ED5-A80F-C5CD722182D2}.Debug|Any CPU.ActiveCfg = Debug|Any CPU
		{8DAD4EF0-E9DA-4ED5-A80F-C5CD722182D2}.Debug|Any CPU.Build.0 = Debug|Any CPU
		{8DAD4EF0-E9DA-4ED5-A80F-C5CD722182D2}.Release|Any CPU.ActiveCfg = Release|Any CPU
		{8DAD4EF0-E9DA-4ED5-A80F-C5CD722182D2}.Release|Any CPU.Build.0 = Release|Any CPU
	EndGlobalSection
	GlobalSection(SolutionProperties) = preSolution
		HideSolutionNode = FALSE
	EndGlobalSection
	GlobalSection(ExtensibilityGlobals) = postSolution
		SolutionGuid = {33F4A7F5-2040-404E-AA38-B6EDE765A8F1}
	EndGlobalSection
EndGlobal
