
Microsoft Visual Studio Solution File, Format Version 12.00
# Visual Studio Version 17
VisualStudioVersion = 17.3.32819.101
MinimumVisualStudioVersion = 10.0.40219.1
Project("{FAE04EC0-301F-11D3-BF4B-00C04F79EFBC}") = "task3", "task3.csproj", "{32636A04-730A-4A02-BB4B-41C2C3BEBD60}"
EndProject
Global
	GlobalSection(SolutionConfigurationPlatforms) = preSolution
		Debug|Any CPU = Debug|Any CPU
		Release|Any CPU = Release|Any CPU
	EndGlobalSection
	GlobalSection(ProjectConfigurationPlatforms) = postSolution
		{32636A04-730A-4A02-BB4B-41C2C3BEBD60}.Debug|Any CPU.ActiveCfg = Debug|Any CPU
		{32636A04-730A-4A02-BB4B-41C2C3BEBD60}.Debug|Any CPU.Build.0 = Debug|Any CPU
		{32636A04-730A-4A02-BB4B-41C2C3BEBD60}.Release|Any CPU.ActiveCfg = Release|Any CPU
		{32636A04-730A-4A02-BB4B-41C2C3BEBD60}.Release|Any CPU.Build.0 = Release|Any CPU
	EndGlobalSection
	GlobalSection(SolutionProperties) = preSolution
		HideSolutionNode = FALSE
	EndGlobalSection
	GlobalSection(ExtensibilityGlobals) = postSolution
		SolutionGuid = {F3895088-05A7-4879-9201-85B4886A9B1F}
	EndGlobalSection
EndGlobal
