
Microsoft Visual Studio Solution File, Format Version 12.00
# Visual Studio Version 17
VisualStudioVersion = 17.3.32819.101
MinimumVisualStudioVersion = 10.0.40219.1
Project("{FAE04EC0-301F-11D3-BF4B-00C04F79EFBC}") = "task2", "task2.csproj", "{716FD021-CBF2-4D6E-B7A3-271F0C0FFEED}"
EndProject
Global
	GlobalSection(SolutionConfigurationPlatforms) = preSolution
		Debug|Any CPU = Debug|Any CPU
		Release|Any CPU = Release|Any CPU
	EndGlobalSection
	GlobalSection(ProjectConfigurationPlatforms) = postSolution
		{716FD021-CBF2-4D6E-B7A3-271F0C0FFEED}.Debug|Any CPU.ActiveCfg = Debug|Any CPU
		{716FD021-CBF2-4D6E-B7A3-271F0C0FFEED}.Debug|Any CPU.Build.0 = Debug|Any CPU
		{716FD021-CBF2-4D6E-B7A3-271F0C0FFEED}.Release|Any CPU.ActiveCfg = Release|Any CPU
		{716FD021-CBF2-4D6E-B7A3-271F0C0FFEED}.Release|Any CPU.Build.0 = Release|Any CPU
	EndGlobalSection
	GlobalSection(SolutionProperties) = preSolution
		HideSolutionNode = FALSE
	EndGlobalSection
	GlobalSection(ExtensibilityGlobals) = postSolution
		SolutionGuid = {9CFC3956-6BB7-4FA4-8FFF-BD60548D9051}
	EndGlobalSection
EndGlobal
