
Microsoft Visual Studio Solution File, Format Version 12.00
# Visual Studio Version 17
VisualStudioVersion = 17.3.32819.101
MinimumVisualStudioVersion = 10.0.40219.1
Project("{FAE04EC0-301F-11D3-BF4B-00C04F79EFBC}") = "task4", "task4.csproj", "{D62D5323-4BFB-4DFF-9F5D-EC909DCBF0C5}"
EndProject
Global
	GlobalSection(SolutionConfigurationPlatforms) = preSolution
		Debug|Any CPU = Debug|Any CPU
		Release|Any CPU = Release|Any CPU
	EndGlobalSection
	GlobalSection(ProjectConfigurationPlatforms) = postSolution
		{D62D5323-4BFB-4DFF-9F5D-EC909DCBF0C5}.Debug|Any CPU.ActiveCfg = Debug|Any CPU
		{D62D5323-4BFB-4DFF-9F5D-EC909DCBF0C5}.Debug|Any CPU.Build.0 = Debug|Any CPU
		{D62D5323-4BFB-4DFF-9F5D-EC909DCBF0C5}.Release|Any CPU.ActiveCfg = Release|Any CPU
		{D62D5323-4BFB-4DFF-9F5D-EC909DCBF0C5}.Release|Any CPU.Build.0 = Release|Any CPU
	EndGlobalSection
	GlobalSection(SolutionProperties) = preSolution
		HideSolutionNode = FALSE
	EndGlobalSection
	GlobalSection(ExtensibilityGlobals) = postSolution
		SolutionGuid = {0002CB09-0F2B-4974-B65A-FBD5EE6A75A9}
	EndGlobalSection
EndGlobal
