
Microsoft Visual Studio Solution File, Format Version 12.00
# Visual Studio Version 17
VisualStudioVersion = 17.3.32819.101
MinimumVisualStudioVersion = 10.0.40219.1
Project("{FAE04EC0-301F-11D3-BF4B-00C04F79EFBC}") = "task3", "task3.csproj", "{93BFAB3C-7EE7-465F-97C6-EF766B9EA20C}"
EndProject
Global
	GlobalSection(SolutionConfigurationPlatforms) = preSolution
		Debug|Any CPU = Debug|Any CPU
		Release|Any CPU = Release|Any CPU
	EndGlobalSection
	GlobalSection(ProjectConfigurationPlatforms) = postSolution
		{93BFAB3C-7EE7-465F-97C6-EF766B9EA20C}.Debug|Any CPU.ActiveCfg = Debug|Any CPU
		{93BFAB3C-7EE7-465F-97C6-EF766B9EA20C}.Debug|Any CPU.Build.0 = Debug|Any CPU
		{93BFAB3C-7EE7-465F-97C6-EF766B9EA20C}.Release|Any CPU.ActiveCfg = Release|Any CPU
		{93BFAB3C-7EE7-465F-97C6-EF766B9EA20C}.Release|Any CPU.Build.0 = Release|Any CPU
	EndGlobalSection
	GlobalSection(SolutionProperties) = preSolution
		HideSolutionNode = FALSE
	EndGlobalSection
	GlobalSection(ExtensibilityGlobals) = postSolution
		SolutionGuid = {F6DAFA10-0D3D-4B8C-8980-CEFF2495BCFA}
	EndGlobalSection
EndGlobal
