
Microsoft Visual Studio Solution File, Format Version 12.00
# Visual Studio Version 17
VisualStudioVersion = 17.3.32819.101
MinimumVisualStudioVersion = 10.0.40219.1
Project("{FAE04EC0-301F-11D3-BF4B-00C04F79EFBC}") = "task2", "task2.csproj", "{9C06A2EB-B7F8-474E-8958-8015A93EAFDF}"
EndProject
Global
	GlobalSection(SolutionConfigurationPlatforms) = preSolution
		Debug|Any CPU = Debug|Any CPU
		Release|Any CPU = Release|Any CPU
	EndGlobalSection
	GlobalSection(ProjectConfigurationPlatforms) = postSolution
		{9C06A2EB-B7F8-474E-8958-8015A93EAFDF}.Debug|Any CPU.ActiveCfg = Debug|Any CPU
		{9C06A2EB-B7F8-474E-8958-8015A93EAFDF}.Debug|Any CPU.Build.0 = Debug|Any CPU
		{9C06A2EB-B7F8-474E-8958-8015A93EAFDF}.Release|Any CPU.ActiveCfg = Release|Any CPU
		{9C06A2EB-B7F8-474E-8958-8015A93EAFDF}.Release|Any CPU.Build.0 = Release|Any CPU
	EndGlobalSection
	GlobalSection(SolutionProperties) = preSolution
		HideSolutionNode = FALSE
	EndGlobalSection
	GlobalSection(ExtensibilityGlobals) = postSolution
		SolutionGuid = {41CBDE79-97D3-4FDF-AD8C-CEBA32FBC500}
	EndGlobalSection
EndGlobal
