
Microsoft Visual Studio Solution File, Format Version 12.00
# Visual Studio Version 17
VisualStudioVersion = 17.3.32819.101
MinimumVisualStudioVersion = 10.0.40219.1
Project("{FAE04EC0-301F-11D3-BF4B-00C04F79EFBC}") = "task1", "task1.csproj", "{A5D9B138-8042-4DD1-885D-D154D59F4371}"
EndProject
Global
	GlobalSection(SolutionConfigurationPlatforms) = preSolution
		Debug|Any CPU = Debug|Any CPU
		Release|Any CPU = Release|Any CPU
	EndGlobalSection
	GlobalSection(ProjectConfigurationPlatforms) = postSolution
		{A5D9B138-8042-4DD1-885D-D154D59F4371}.Debug|Any CPU.ActiveCfg = Debug|Any CPU
		{A5D9B138-8042-4DD1-885D-D154D59F4371}.Debug|Any CPU.Build.0 = Debug|Any CPU
		{A5D9B138-8042-4DD1-885D-D154D59F4371}.Release|Any CPU.ActiveCfg = Release|Any CPU
		{A5D9B138-8042-4DD1-885D-D154D59F4371}.Release|Any CPU.Build.0 = Release|Any CPU
	EndGlobalSection
	GlobalSection(SolutionProperties) = preSolution
		HideSolutionNode = FALSE
	EndGlobalSection
	GlobalSection(ExtensibilityGlobals) = postSolution
		SolutionGuid = {2AB9F3E5-79B3-46D0-AE37-F78F349D7F30}
	EndGlobalSection
EndGlobal
