
Microsoft Visual Studio Solution File, Format Version 12.00
# Visual Studio Version 17
VisualStudioVersion = 17.3.32819.101
MinimumVisualStudioVersion = 10.0.40219.1
Project("{FAE04EC0-301F-11D3-BF4B-00C04F79EFBC}") = "task2", "task2.csproj", "{81B0C376-AA31-403D-861B-D72940B630F3}"
EndProject
Global
	GlobalSection(SolutionConfigurationPlatforms) = preSolution
		Debug|Any CPU = Debug|Any CPU
		Release|Any CPU = Release|Any CPU
	EndGlobalSection
	GlobalSection(ProjectConfigurationPlatforms) = postSolution
		{81B0C376-AA31-403D-861B-D72940B630F3}.Debug|Any CPU.ActiveCfg = Debug|Any CPU
		{81B0C376-AA31-403D-861B-D72940B630F3}.Debug|Any CPU.Build.0 = Debug|Any CPU
		{81B0C376-AA31-403D-861B-D72940B630F3}.Release|Any CPU.ActiveCfg = Release|Any CPU
		{81B0C376-AA31-403D-861B-D72940B630F3}.Release|Any CPU.Build.0 = Release|Any CPU
	EndGlobalSection
	GlobalSection(SolutionProperties) = preSolution
		HideSolutionNode = FALSE
	EndGlobalSection
	GlobalSection(ExtensibilityGlobals) = postSolution
		SolutionGuid = {04220877-1306-4095-80BD-A4F8F72A4FFE}
	EndGlobalSection
EndGlobal
